
Microsoft Visual Studio Solution File, Format Version 12.00
# Visual Studio 15
Project("{FAE04EC0-301F-11D3-BF4B-00C04F79EFBC}") = "FirstCatering.Api", "FirstCatering.Api\FirstCatering.Api.csproj", "{38E4CB82-F2D9-46AA-8B41-826801883214}"
EndProject
Project("{FAE04EC0-301F-11D3-BF4B-00C04F79EFBC}") = "FirstCatering.Domain", "FirstCatering.Domain\FirstCatering.Domain.csproj", "{EF31B8B2-EF61-4F77-AEBA-7A3C1C880ED9}"
EndProject
Project("{FAE04EC0-301F-11D3-BF4B-00C04F79EFBC}") = "FirstCatering.Data", "FirstCatering.Data\FirstCatering.Data.csproj", "{FAC676CA-3CD0-461B-BF3E-E7FACCF81501}"
EndProject
Project("{FAE04EC0-301F-11D3-BF4B-00C04F79EFBC}") = "FirstCatering.Services", "FirstCatering.Services\FirstCatering.Services.csproj", "{DAD82DDE-A9B6-4B81-8DBD-F690C2CF511D}"
EndProject
Project("{FAE04EC0-301F-11D3-BF4B-00C04F79EFBC}") = "FirstCatering.Lib", "FirstCatering.Lib\FirstCatering.Lib.csproj", "{7D6B005A-681C-4D6B-9F1E-B9D731591683}"
EndProject
Project("{FAE04EC0-301F-11D3-BF4B-00C04F79EFBC}") = "FirstCatering.Models", "FirstCatering.Models\FirstCatering.Models.csproj", "{A9469A08-D625-4E1C-B3B4-BE50600E703B}"
EndProject
Project("{FAE04EC0-301F-11D3-BF4B-00C04F79EFBC}") = "FirstCatering.Services.Tests", "FirstCatering.Services.Tests\FirstCatering.Services.Tests.csproj", "{A43D8AE7-9C97-4BDF-9348-E6CBFFE5C84D}"
EndProject
Project("{FAE04EC0-301F-11D3-BF4B-00C04F79EFBC}") = "FirstCatering.Lib.Tests", "FirstCatering.Lib.Tests\FirstCatering.Lib.Tests.csproj", "{4D99E922-FA2D-4F39-AF74-F953492E5DC6}"
EndProject
Project("{FAE04EC0-301F-11D3-BF4B-00C04F79EFBC}") = "FirstCatering.Models.Tests", "FirstCatering.Models.Tests\FirstCatering.Models.Tests.csproj", "{C5983EF1-8206-40D0-94FF-6989CF771F64}"
EndProject
Global
	GlobalSection(SolutionConfigurationPlatforms) = preSolution
		Debug|Any CPU = Debug|Any CPU
		Release|Any CPU = Release|Any CPU
	EndGlobalSection
	GlobalSection(ProjectConfigurationPlatforms) = postSolution
		{38E4CB82-F2D9-46AA-8B41-826801883214}.Debug|Any CPU.ActiveCfg = Debug|Any CPU
		{38E4CB82-F2D9-46AA-8B41-826801883214}.Debug|Any CPU.Build.0 = Debug|Any CPU
		{38E4CB82-F2D9-46AA-8B41-826801883214}.Release|Any CPU.ActiveCfg = Release|Any CPU
		{38E4CB82-F2D9-46AA-8B41-826801883214}.Release|Any CPU.Build.0 = Release|Any CPU
		{EF31B8B2-EF61-4F77-AEBA-7A3C1C880ED9}.Debug|Any CPU.ActiveCfg = Debug|Any CPU
		{EF31B8B2-EF61-4F77-AEBA-7A3C1C880ED9}.Debug|Any CPU.Build.0 = Debug|Any CPU
		{EF31B8B2-EF61-4F77-AEBA-7A3C1C880ED9}.Release|Any CPU.ActiveCfg = Release|Any CPU
		{EF31B8B2-EF61-4F77-AEBA-7A3C1C880ED9}.Release|Any CPU.Build.0 = Release|Any CPU
		{FAC676CA-3CD0-461B-BF3E-E7FACCF81501}.Debug|Any CPU.ActiveCfg = Debug|Any CPU
		{FAC676CA-3CD0-461B-BF3E-E7FACCF81501}.Debug|Any CPU.Build.0 = Debug|Any CPU
		{FAC676CA-3CD0-461B-BF3E-E7FACCF81501}.Release|Any CPU.ActiveCfg = Release|Any CPU
		{FAC676CA-3CD0-461B-BF3E-E7FACCF81501}.Release|Any CPU.Build.0 = Release|Any CPU
		{DAD82DDE-A9B6-4B81-8DBD-F690C2CF511D}.Debug|Any CPU.ActiveCfg = Debug|Any CPU
		{DAD82DDE-A9B6-4B81-8DBD-F690C2CF511D}.Debug|Any CPU.Build.0 = Debug|Any CPU
		{DAD82DDE-A9B6-4B81-8DBD-F690C2CF511D}.Release|Any CPU.ActiveCfg = Release|Any CPU
		{DAD82DDE-A9B6-4B81-8DBD-F690C2CF511D}.Release|Any CPU.Build.0 = Release|Any CPU
		{7D6B005A-681C-4D6B-9F1E-B9D731591683}.Debug|Any CPU.ActiveCfg = Debug|Any CPU
		{7D6B005A-681C-4D6B-9F1E-B9D731591683}.Debug|Any CPU.Build.0 = Debug|Any CPU
		{7D6B005A-681C-4D6B-9F1E-B9D731591683}.Release|Any CPU.ActiveCfg = Release|Any CPU
		{7D6B005A-681C-4D6B-9F1E-B9D731591683}.Release|Any CPU.Build.0 = Release|Any CPU
		{A9469A08-D625-4E1C-B3B4-BE50600E703B}.Debug|Any CPU.ActiveCfg = Debug|Any CPU
		{A9469A08-D625-4E1C-B3B4-BE50600E703B}.Debug|Any CPU.Build.0 = Debug|Any CPU
		{A9469A08-D625-4E1C-B3B4-BE50600E703B}.Release|Any CPU.ActiveCfg = Release|Any CPU
		{A9469A08-D625-4E1C-B3B4-BE50600E703B}.Release|Any CPU.Build.0 = Release|Any CPU
		{A43D8AE7-9C97-4BDF-9348-E6CBFFE5C84D}.Debug|Any CPU.ActiveCfg = Debug|Any CPU
		{A43D8AE7-9C97-4BDF-9348-E6CBFFE5C84D}.Debug|Any CPU.Build.0 = Debug|Any CPU
		{A43D8AE7-9C97-4BDF-9348-E6CBFFE5C84D}.Release|Any CPU.ActiveCfg = Release|Any CPU
		{A43D8AE7-9C97-4BDF-9348-E6CBFFE5C84D}.Release|Any CPU.Build.0 = Release|Any CPU
		{4D99E922-FA2D-4F39-AF74-F953492E5DC6}.Debug|Any CPU.ActiveCfg = Debug|Any CPU
		{4D99E922-FA2D-4F39-AF74-F953492E5DC6}.Debug|Any CPU.Build.0 = Debug|Any CPU
		{4D99E922-FA2D-4F39-AF74-F953492E5DC6}.Release|Any CPU.ActiveCfg = Release|Any CPU
		{4D99E922-FA2D-4F39-AF74-F953492E5DC6}.Release|Any CPU.Build.0 = Release|Any CPU
		{C5983EF1-8206-40D0-94FF-6989CF771F64}.Debug|Any CPU.ActiveCfg = Debug|Any CPU
		{C5983EF1-8206-40D0-94FF-6989CF771F64}.Debug|Any CPU.Build.0 = Debug|Any CPU
		{C5983EF1-8206-40D0-94FF-6989CF771F64}.Release|Any CPU.ActiveCfg = Release|Any CPU
		{C5983EF1-8206-40D0-94FF-6989CF771F64}.Release|Any CPU.Build.0 = Release|Any CPU
	EndGlobalSection
EndGlobal
